
Microsoft Visual Studio Solution File, Format Version 12.00
# Visual Studio Version 17
VisualStudioVersion = 17.6.33815.320
MinimumVisualStudioVersion = 10.0.40219.1
Project("{FAE04EC0-301F-11D3-BF4B-00C04F79EFBC}") = "ContainerLesson", "ContainerLesson\ContainerLesson.csproj", "{B05E1DB4-A20E-4D33-9D8C-8ABB46C1ED79}"
EndProject
Global
	GlobalSection(SolutionConfigurationPlatforms) = preSolution
		Debug|Any CPU = Debug|Any CPU
		Release|Any CPU = Release|Any CPU
	EndGlobalSection
	GlobalSection(ProjectConfigurationPlatforms) = postSolution
		{B05E1DB4-A20E-4D33-9D8C-8ABB46C1ED79}.Debug|Any CPU.ActiveCfg = Debug|Any CPU
		{B05E1DB4-A20E-4D33-9D8C-8ABB46C1ED79}.Debug|Any CPU.Build.0 = Debug|Any CPU
		{B05E1DB4-A20E-4D33-9D8C-8ABB46C1ED79}.Release|Any CPU.ActiveCfg = Release|Any CPU
		{B05E1DB4-A20E-4D33-9D8C-8ABB46C1ED79}.Release|Any CPU.Build.0 = Release|Any CPU
	EndGlobalSection
	GlobalSection(SolutionProperties) = preSolution
		HideSolutionNode = FALSE
	EndGlobalSection
	GlobalSection(ExtensibilityGlobals) = postSolution
		SolutionGuid = {ED2F9D23-3B44-478E-B96E-75CDC012FDA1}
	EndGlobalSection
EndGlobal
